// !$*UTF8*$!
{
	archiveVersion = 1;
	classes = {
	};
	objectVersion = 55;
	objects = {

/* Begin PBXBuildFile section */
		641982542742920A008C9A41 /* PhotosTableViewCell.swift in Sources */ = {isa = PBXBuildFile; fileRef = 641982532742920A008C9A41 /* PhotosTableViewCell.swift */; };
		641982562742D11A008C9A41 /* Photo.swift in Sources */ = {isa = PBXBuildFile; fileRef = 641982552742D11A008C9A41 /* Photo.swift */; };
		641982592742E0E8008C9A41 /* PhotosViewController.swift in Sources */ = {isa = PBXBuildFile; fileRef = 641982582742E0E8008C9A41 /* PhotosViewController.swift */; };
		6419825B2742E3E4008C9A41 /* PhotoCollectionViewCell.swift in Sources */ = {isa = PBXBuildFile; fileRef = 6419825A2742E3E4008C9A41 /* PhotoCollectionViewCell.swift */; };
		6451B24F2743EB12001F7CD7 /* DetailProfileAvatar.swift in Sources */ = {isa = PBXBuildFile; fileRef = 6451B24E2743EB12001F7CD7 /* DetailProfileAvatar.swift */; };
		645F74EF2720116900949BC3 /* ProfileTableHeaderView.swift in Sources */ = {isa = PBXBuildFile; fileRef = 645F74EE2720116900949BC3 /* ProfileTableHeaderView.swift */; };
		64752258271C1EAD00014ECF /* AppDelegate.swift in Sources */ = {isa = PBXBuildFile; fileRef = 64752257271C1EAD00014ECF /* AppDelegate.swift */; };
		6475225A271C1EAD00014ECF /* SceneDelegate.swift in Sources */ = {isa = PBXBuildFile; fileRef = 64752259271C1EAD00014ECF /* SceneDelegate.swift */; };
		64752261271C1EAF00014ECF /* Assets.xcassets in Resources */ = {isa = PBXBuildFile; fileRef = 64752260271C1EAF00014ECF /* Assets.xcassets */; };
		64752264271C1EAF00014ECF /* LaunchScreen.storyboard in Resources */ = {isa = PBXBuildFile; fileRef = 64752262271C1EAF00014ECF /* LaunchScreen.storyboard */; };
		6475226D271C221E00014ECF /* FeedViewController.swift in Sources */ = {isa = PBXBuildFile; fileRef = 6475226C271C221E00014ECF /* FeedViewController.swift */; };
		6475226F271C223000014ECF /* ProfileViewController.swift in Sources */ = {isa = PBXBuildFile; fileRef = 6475226E271C223000014ECF /* ProfileViewController.swift */; };
		64752271271C224300014ECF /* PostViewController.swift in Sources */ = {isa = PBXBuildFile; fileRef = 64752270271C224300014ECF /* PostViewController.swift */; };
		64752273271C227A00014ECF /* Post.swift in Sources */ = {isa = PBXBuildFile; fileRef = 64752272271C227A00014ECF /* Post.swift */; };
		64752275271C22FA00014ECF /* InfoViewController.swift in Sources */ = {isa = PBXBuildFile; fileRef = 64752274271C22FA00014ECF /* InfoViewController.swift */; };
		649D270F2732804A006F15EB /* LogInViewController.swift in Sources */ = {isa = PBXBuildFile; fileRef = 649D270E2732804A006F15EB /* LogInViewController.swift */; };
		649D271127328854006F15EB /* LogInView.swift in Sources */ = {isa = PBXBuildFile; fileRef = 649D271027328854006F15EB /* LogInView.swift */; };
		649D271527329240006F15EB /* Extention.swift in Sources */ = {isa = PBXBuildFile; fileRef = 649D271427329240006F15EB /* Extention.swift */; };
		649D27172732C56B006F15EB /* KeyboardHelper.swift in Sources */ = {isa = PBXBuildFile; fileRef = 649D27162732C56B006F15EB /* KeyboardHelper.swift */; };
		64C15871272596DF0078860D /* StatusTextField.swift in Sources */ = {isa = PBXBuildFile; fileRef = 64C15870272596DF0078860D /* StatusTextField.swift */; };
		64C15873272599500078860D /* ProfileAvatarView.swift in Sources */ = {isa = PBXBuildFile; fileRef = 64C15872272599500078860D /* ProfileAvatarView.swift */; };
		64C1587627259B870078860D /* StatusButton.swift in Sources */ = {isa = PBXBuildFile; fileRef = 64C1587527259B870078860D /* StatusButton.swift */; };
		64FE1D27273785EA00D2D985 /* PostTableViewCell.swift in Sources */ = {isa = PBXBuildFile; fileRef = 64FE1D26273785EA00D2D985 /* PostTableViewCell.swift */; };
/* End PBXBuildFile section */

/* Begin PBXFileReference section */
		641982532742920A008C9A41 /* PhotosTableViewCell.swift */ = {isa = PBXFileReference; lastKnownFileType = sourcecode.swift; path = PhotosTableViewCell.swift; sourceTree = "<group>"; };
		641982552742D11A008C9A41 /* Photo.swift */ = {isa = PBXFileReference; lastKnownFileType = sourcecode.swift; path = Photo.swift; sourceTree = "<group>"; };
		641982582742E0E8008C9A41 /* PhotosViewController.swift */ = {isa = PBXFileReference; lastKnownFileType = sourcecode.swift; path = PhotosViewController.swift; sourceTree = "<group>"; };
		6419825A2742E3E4008C9A41 /* PhotoCollectionViewCell.swift */ = {isa = PBXFileReference; lastKnownFileType = sourcecode.swift; path = PhotoCollectionViewCell.swift; sourceTree = "<group>"; };
		6451B24E2743EB12001F7CD7 /* DetailProfileAvatar.swift */ = {isa = PBXFileReference; lastKnownFileType = sourcecode.swift; path = DetailProfileAvatar.swift; sourceTree = "<group>"; };
		645F74EE2720116900949BC3 /* ProfileTableHeaderView.swift */ = {isa = PBXFileReference; lastKnownFileType = sourcecode.swift; path = ProfileTableHeaderView.swift; sourceTree = "<group>"; };
		64752254271C1EAD00014ECF /* Navigation.app */ = {isa = PBXFileReference; explicitFileType = wrapper.application; includeInIndex = 0; path = Navigation.app; sourceTree = BUILT_PRODUCTS_DIR; };
		64752257271C1EAD00014ECF /* AppDelegate.swift */ = {isa = PBXFileReference; lastKnownFileType = sourcecode.swift; path = AppDelegate.swift; sourceTree = "<group>"; };
		64752259271C1EAD00014ECF /* SceneDelegate.swift */ = {isa = PBXFileReference; lastKnownFileType = sourcecode.swift; path = SceneDelegate.swift; sourceTree = "<group>"; };
		64752260271C1EAF00014ECF /* Assets.xcassets */ = {isa = PBXFileReference; lastKnownFileType = folder.assetcatalog; path = Assets.xcassets; sourceTree = "<group>"; };
		64752263271C1EAF00014ECF /* Base */ = {isa = PBXFileReference; lastKnownFileType = file.storyboard; name = Base; path = Base.lproj/LaunchScreen.storyboard; sourceTree = "<group>"; };
		64752265271C1EAF00014ECF /* Info.plist */ = {isa = PBXFileReference; lastKnownFileType = text.plist.xml; path = Info.plist; sourceTree = "<group>"; };
		6475226C271C221E00014ECF /* FeedViewController.swift */ = {isa = PBXFileReference; lastKnownFileType = sourcecode.swift; path = FeedViewController.swift; sourceTree = "<group>"; };
		6475226E271C223000014ECF /* ProfileViewController.swift */ = {isa = PBXFileReference; lastKnownFileType = sourcecode.swift; path = ProfileViewController.swift; sourceTree = "<group>"; };
		64752270271C224300014ECF /* PostViewController.swift */ = {isa = PBXFileReference; lastKnownFileType = sourcecode.swift; path = PostViewController.swift; sourceTree = "<group>"; };
		64752272271C227A00014ECF /* Post.swift */ = {isa = PBXFileReference; lastKnownFileType = sourcecode.swift; path = Post.swift; sourceTree = "<group>"; };
		64752274271C22FA00014ECF /* InfoViewController.swift */ = {isa = PBXFileReference; lastKnownFileType = sourcecode.swift; path = InfoViewController.swift; sourceTree = "<group>"; };
		649D270E2732804A006F15EB /* LogInViewController.swift */ = {isa = PBXFileReference; lastKnownFileType = sourcecode.swift; path = LogInViewController.swift; sourceTree = "<group>"; };
		649D271027328854006F15EB /* LogInView.swift */ = {isa = PBXFileReference; lastKnownFileType = sourcecode.swift; path = LogInView.swift; sourceTree = "<group>"; };
		649D271427329240006F15EB /* Extention.swift */ = {isa = PBXFileReference; lastKnownFileType = sourcecode.swift; path = Extention.swift; sourceTree = "<group>"; };
		649D27162732C56B006F15EB /* KeyboardHelper.swift */ = {isa = PBXFileReference; lastKnownFileType = sourcecode.swift; path = KeyboardHelper.swift; sourceTree = "<group>"; };
		64C15870272596DF0078860D /* StatusTextField.swift */ = {isa = PBXFileReference; lastKnownFileType = sourcecode.swift; path = StatusTextField.swift; sourceTree = "<group>"; };
		64C15872272599500078860D /* ProfileAvatarView.swift */ = {isa = PBXFileReference; lastKnownFileType = sourcecode.swift; path = ProfileAvatarView.swift; sourceTree = "<group>"; };
		64C1587527259B870078860D /* StatusButton.swift */ = {isa = PBXFileReference; lastKnownFileType = sourcecode.swift; path = StatusButton.swift; sourceTree = "<group>"; };
		64FE1D26273785EA00D2D985 /* PostTableViewCell.swift */ = {isa = PBXFileReference; lastKnownFileType = sourcecode.swift; path = PostTableViewCell.swift; sourceTree = "<group>"; };
/* End PBXFileReference section */

/* Begin PBXFrameworksBuildPhase section */
		64752251271C1EAD00014ECF /* Frameworks */ = {
			isa = PBXFrameworksBuildPhase;
			buildActionMask = 2147483647;
			files = (
			);
			runOnlyForDeploymentPostprocessing = 0;
		};
/* End PBXFrameworksBuildPhase section */

/* Begin PBXGroup section */
		641982572742E09A008C9A41 /* CollectionPhotos */ = {
			isa = PBXGroup;
			children = (
				641982582742E0E8008C9A41 /* PhotosViewController.swift */,
				6419825A2742E3E4008C9A41 /* PhotoCollectionViewCell.swift */,
			);
			path = CollectionPhotos;
			sourceTree = "<group>";
		};
		645F74ED2720112C00949BC3 /* Profile */ = {
			isa = PBXGroup;
			children = (
				64C158742725995F0078860D /* SubView */,
				645F74EE2720116900949BC3 /* ProfileTableHeaderView.swift */,
				6475226E271C223000014ECF /* ProfileViewController.swift */,
				64FE1D26273785EA00D2D985 /* PostTableViewCell.swift */,
				641982532742920A008C9A41 /* PhotosTableViewCell.swift */,
				6451B24E2743EB12001F7CD7 /* DetailProfileAvatar.swift */,
			);
			path = Profile;
			sourceTree = "<group>";
		};
		6475224B271C1EAD00014ECF = {
			isa = PBXGroup;
			children = (
				64752256271C1EAD00014ECF /* Navigation */,
				64752255271C1EAD00014ECF /* Products */,
			);
			sourceTree = "<group>";
		};
		64752255271C1EAD00014ECF /* Products */ = {
			isa = PBXGroup;
			children = (
				64752254271C1EAD00014ECF /* Navigation.app */,
			);
			name = Products;
			sourceTree = "<group>";
		};
		64752256271C1EAD00014ECF /* Navigation */ = {
			isa = PBXGroup;
			children = (
				641982572742E09A008C9A41 /* CollectionPhotos */,
				64752265271C1EAF00014ECF /* Info.plist */,
				64C1586D272574E00078860D /* extention */,
				64FE1D252733F29E00D2D985 /* Login */,
				645F74ED2720112C00949BC3 /* Profile */,
				64752276271C419600014ECF /* Model */,
				6475226B271C214F00014ECF /* System */,
				6475226C271C221E00014ECF /* FeedViewController.swift */,
				64752270271C224300014ECF /* PostViewController.swift */,
				64752274271C22FA00014ECF /* InfoViewController.swift */,
				649D27162732C56B006F15EB /* KeyboardHelper.swift */,
			);
			path = Navigation;
			sourceTree = "<group>";
		};
		6475226B271C214F00014ECF /* System */ = {
			isa = PBXGroup;
			children = (
				64752260271C1EAF00014ECF /* Assets.xcassets */,
				64752262271C1EAF00014ECF /* LaunchScreen.storyboard */,
				64752259271C1EAD00014ECF /* SceneDelegate.swift */,
				64752257271C1EAD00014ECF /* AppDelegate.swift */,
			);
			path = System;
			sourceTree = "<group>";
		};
		64752276271C419600014ECF /* Model */ = {
			isa = PBXGroup;
			children = (
				64752272271C227A00014ECF /* Post.swift */,
				641982552742D11A008C9A41 /* Photo.swift */,
			);
			path = Model;
			sourceTree = "<group>";
		};
		64C1586D272574E00078860D /* extention */ = {
			isa = PBXGroup;
			children = (
				649D271427329240006F15EB /* Extention.swift */,
			);
			path = extention;
			sourceTree = "<group>";
		};
		64C158742725995F0078860D /* SubView */ = {
			isa = PBXGroup;
			children = (
				64C15872272599500078860D /* ProfileAvatarView.swift */,
				64C15870272596DF0078860D /* StatusTextField.swift */,
				64C1587527259B870078860D /* StatusButton.swift */,
			);
			path = SubView;
			sourceTree = "<group>";
		};
		64FE1D252733F29E00D2D985 /* Login */ = {
			isa = PBXGroup;
			children = (
				649D270E2732804A006F15EB /* LogInViewController.swift */,
				649D271027328854006F15EB /* LogInView.swift */,
			);
			path = Login;
			sourceTree = "<group>";
		};
/* End PBXGroup section */

/* Begin PBXNativeTarget section */
		64752253271C1EAD00014ECF /* Navigation */ = {
			isa = PBXNativeTarget;
			buildConfigurationList = 64752268271C1EAF00014ECF /* Build configuration list for PBXNativeTarget "Navigation" */;
			buildPhases = (
				64752250271C1EAD00014ECF /* Sources */,
				64752251271C1EAD00014ECF /* Frameworks */,
				64752252271C1EAD00014ECF /* Resources */,
			);
			buildRules = (
			);
			dependencies = (
			);
			name = Navigation;
			productName = Navigation;
			productReference = 64752254271C1EAD00014ECF /* Navigation.app */;
			productType = "com.apple.product-type.application";
		};
/* End PBXNativeTarget section */

/* Begin PBXProject section */
		6475224C271C1EAD00014ECF /* Project object */ = {
			isa = PBXProject;
			attributes = {
				BuildIndependentTargetsInParallel = 1;
				LastSwiftUpdateCheck = 1300;
				LastUpgradeCheck = 1300;
				TargetAttributes = {
					64752253271C1EAD00014ECF = {
						CreatedOnToolsVersion = 13.0;
					};
				};
			};
			buildConfigurationList = 6475224F271C1EAD00014ECF /* Build configuration list for PBXProject "Navigation" */;
			compatibilityVersion = "Xcode 13.0";
			developmentRegion = en;
			hasScannedForEncodings = 0;
			knownRegions = (
				en,
				Base,
			);
			mainGroup = 6475224B271C1EAD00014ECF;
			productRefGroup = 64752255271C1EAD00014ECF /* Products */;
			projectDirPath = "";
			projectRoot = "";
			targets = (
				64752253271C1EAD00014ECF /* Navigation */,
			);
		};
/* End PBXProject section */

/* Begin PBXResourcesBuildPhase section */
		64752252271C1EAD00014ECF /* Resources */ = {
			isa = PBXResourcesBuildPhase;
			buildActionMask = 2147483647;
			files = (
				64752264271C1EAF00014ECF /* LaunchScreen.storyboard in Resources */,
				64752261271C1EAF00014ECF /* Assets.xcassets in Resources */,
			);
			runOnlyForDeploymentPostprocessing = 0;
		};
/* End PBXResourcesBuildPhase section */

/* Begin PBXSourcesBuildPhase section */
		64752250271C1EAD00014ECF /* Sources */ = {
			isa = PBXSourcesBuildPhase;
			buildActionMask = 2147483647;
			files = (
				64C1587627259B870078860D /* StatusButton.swift in Sources */,
				641982592742E0E8008C9A41 /* PhotosViewController.swift in Sources */,
				64752271271C224300014ECF /* PostViewController.swift in Sources */,
				64752258271C1EAD00014ECF /* AppDelegate.swift in Sources */,
				641982542742920A008C9A41 /* PhotosTableViewCell.swift in Sources */,
				6475226F271C223000014ECF /* ProfileViewController.swift in Sources */,
				649D27172732C56B006F15EB /* KeyboardHelper.swift in Sources */,
				6451B24F2743EB12001F7CD7 /* DetailProfileAvatar.swift in Sources */,
				6475226D271C221E00014ECF /* FeedViewController.swift in Sources */,
				649D271527329240006F15EB /* Extention.swift in Sources */,
				649D270F2732804A006F15EB /* LogInViewController.swift in Sources */,
				64C15873272599500078860D /* ProfileAvatarView.swift in Sources */,
				649D271127328854006F15EB /* LogInView.swift in Sources */,
				64C15871272596DF0078860D /* StatusTextField.swift in Sources */,
				641982562742D11A008C9A41 /* Photo.swift in Sources */,
				6419825B2742E3E4008C9A41 /* PhotoCollectionViewCell.swift in Sources */,
				64FE1D27273785EA00D2D985 /* PostTableViewCell.swift in Sources */,
				64752273271C227A00014ECF /* Post.swift in Sources */,
				64752275271C22FA00014ECF /* InfoViewController.swift in Sources */,
				6475225A271C1EAD00014ECF /* SceneDelegate.swift in Sources */,
				645F74EF2720116900949BC3 /* ProfileTableHeaderView.swift in Sources */,
			);
			runOnlyForDeploymentPostprocessing = 0;
		};
/* End PBXSourcesBuildPhase section */

/* Begin PBXVariantGroup section */
		64752262271C1EAF00014ECF /* LaunchScreen.storyboard */ = {
			isa = PBXVariantGroup;
			children = (
				64752263271C1EAF00014ECF /* Base */,
			);
			name = LaunchScreen.storyboard;
			sourceTree = "<group>";
		};
/* End PBXVariantGroup section */

/* Begin XCBuildConfiguration section */
		64752266271C1EAF00014ECF /* Debug */ = {
			isa = XCBuildConfiguration;
			buildSettings = {
				ALWAYS_SEARCH_USER_PATHS = NO;
				CLANG_ANALYZER_NONNULL = YES;
				CLANG_ANALYZER_NUMBER_OBJECT_CONVERSION = YES_AGGRESSIVE;
				CLANG_CXX_LANGUAGE_STANDARD = "gnu++17";
				CLANG_CXX_LIBRARY = "libc++";
				CLANG_ENABLE_MODULES = YES;
				CLANG_ENABLE_OBJC_ARC = YES;
				CLANG_ENABLE_OBJC_WEAK = YES;
				CLANG_WARN_BLOCK_CAPTURE_AUTORELEASING = YES;
				CLANG_WARN_BOOL_CONVERSION = YES;
				CLANG_WARN_COMMA = YES;
				CLANG_WARN_CONSTANT_CONVERSION = YES;
				CLANG_WARN_DEPRECATED_OBJC_IMPLEMENTATIONS = YES;
				CLANG_WARN_DIRECT_OBJC_ISA_USAGE = YES_ERROR;
				CLANG_WARN_DOCUMENTATION_COMMENTS = YES;
				CLANG_WARN_EMPTY_BODY = YES;
				CLANG_WARN_ENUM_CONVERSION = YES;
				CLANG_WARN_INFINITE_RECURSION = YES;
				CLANG_WARN_INT_CONVERSION = YES;
				CLANG_WARN_NON_LITERAL_NULL_CONVERSION = YES;
				CLANG_WARN_OBJC_IMPLICIT_RETAIN_SELF = YES;
				CLANG_WARN_OBJC_LITERAL_CONVERSION = YES;
				CLANG_WARN_OBJC_ROOT_CLASS = YES_ERROR;
				CLANG_WARN_QUOTED_INCLUDE_IN_FRAMEWORK_HEADER = YES;
				CLANG_WARN_RANGE_LOOP_ANALYSIS = YES;
				CLANG_WARN_STRICT_PROTOTYPES = YES;
				CLANG_WARN_SUSPICIOUS_MOVE = YES;
				CLANG_WARN_UNGUARDED_AVAILABILITY = YES_AGGRESSIVE;
				CLANG_WARN_UNREACHABLE_CODE = YES;
				CLANG_WARN__DUPLICATE_METHOD_MATCH = YES;
				COPY_PHASE_STRIP = NO;
				DEBUG_INFORMATION_FORMAT = dwarf;
				ENABLE_STRICT_OBJC_MSGSEND = YES;
				ENABLE_TESTABILITY = YES;
				GCC_C_LANGUAGE_STANDARD = gnu11;
				GCC_DYNAMIC_NO_PIC = NO;
				GCC_NO_COMMON_BLOCKS = YES;
				GCC_OPTIMIZATION_LEVEL = 0;
				GCC_PREPROCESSOR_DEFINITIONS = (
					"DEBUG=1",
					"$(inherited)",
				);
				GCC_WARN_64_TO_32_BIT_CONVERSION = YES;
				GCC_WARN_ABOUT_RETURN_TYPE = YES_ERROR;
				GCC_WARN_UNDECLARED_SELECTOR = YES;
				GCC_WARN_UNINITIALIZED_AUTOS = YES_AGGRESSIVE;
				GCC_WARN_UNUSED_FUNCTION = YES;
				GCC_WARN_UNUSED_VARIABLE = YES;
				IPHONEOS_DEPLOYMENT_TARGET = 15.0;
				MTL_ENABLE_DEBUG_INFO = INCLUDE_SOURCE;
				MTL_FAST_MATH = YES;
				ONLY_ACTIVE_ARCH = YES;
				SDKROOT = iphoneos;
				SWIFT_ACTIVE_COMPILATION_CONDITIONS = DEBUG;
				SWIFT_OPTIMIZATION_LEVEL = "-Onone";
			};
			name = Debug;
		};
		64752267271C1EAF00014ECF /* Release */ = {
			isa = XCBuildConfiguration;
			buildSettings = {
				ALWAYS_SEARCH_USER_PATHS = NO;
				CLANG_ANALYZER_NONNULL = YES;
				CLANG_ANALYZER_NUMBER_OBJECT_CONVERSION = YES_AGGRESSIVE;
				CLANG_CXX_LANGUAGE_STANDARD = "gnu++17";
				CLANG_CXX_LIBRARY = "libc++";
				CLANG_ENABLE_MODULES = YES;
				CLANG_ENABLE_OBJC_ARC = YES;
				CLANG_ENABLE_OBJC_WEAK = YES;
				CLANG_WARN_BLOCK_CAPTURE_AUTORELEASING = YES;
				CLANG_WARN_BOOL_CONVERSION = YES;
				CLANG_WARN_COMMA = YES;
				CLANG_WARN_CONSTANT_CONVERSION = YES;
				CLANG_WARN_DEPRECATED_OBJC_IMPLEMENTATIONS = YES;
				CLANG_WARN_DIRECT_OBJC_ISA_USAGE = YES_ERROR;
				CLANG_WARN_DOCUMENTATION_COMMENTS = YES;
				CLANG_WARN_EMPTY_BODY = YES;
				CLANG_WARN_ENUM_CONVERSION = YES;
				CLANG_WARN_INFINITE_RECURSION = YES;
				CLANG_WARN_INT_CONVERSION = YES;
				CLANG_WARN_NON_LITERAL_NULL_CONVERSION = YES;
				CLANG_WARN_OBJC_IMPLICIT_RETAIN_SELF = YES;
				CLANG_WARN_OBJC_LITERAL_CONVERSION = YES;
				CLANG_WARN_OBJC_ROOT_CLASS = YES_ERROR;
				CLANG_WARN_QUOTED_INCLUDE_IN_FRAMEWORK_HEADER = YES;
				CLANG_WARN_RANGE_LOOP_ANALYSIS = YES;
				CLANG_WARN_STRICT_PROTOTYPES = YES;
				CLANG_WARN_SUSPICIOUS_MOVE = YES;
				CLANG_WARN_UNGUARDED_AVAILABILITY = YES_AGGRESSIVE;
				CLANG_WARN_UNREACHABLE_CODE = YES;
				CLANG_WARN__DUPLICATE_METHOD_MATCH = YES;
				COPY_PHASE_STRIP = NO;
				DEBUG_INFORMATION_FORMAT = "dwarf-with-dsym";
				ENABLE_NS_ASSERTIONS = NO;
				ENABLE_STRICT_OBJC_MSGSEND = YES;
				GCC_C_LANGUAGE_STANDARD = gnu11;
				GCC_NO_COMMON_BLOCKS = YES;
				GCC_WARN_64_TO_32_BIT_CONVERSION = YES;
				GCC_WARN_ABOUT_RETURN_TYPE = YES_ERROR;
				GCC_WARN_UNDECLARED_SELECTOR = YES;
				GCC_WARN_UNINITIALIZED_AUTOS = YES_AGGRESSIVE;
				GCC_WARN_UNUSED_FUNCTION = YES;
				GCC_WARN_UNUSED_VARIABLE = YES;
				IPHONEOS_DEPLOYMENT_TARGET = 15.0;
				MTL_ENABLE_DEBUG_INFO = NO;
				MTL_FAST_MATH = YES;
				SDKROOT = iphoneos;
				SWIFT_COMPILATION_MODE = wholemodule;
				SWIFT_OPTIMIZATION_LEVEL = "-O";
				VALIDATE_PRODUCT = YES;
			};
			name = Release;
		};
		64752269271C1EAF00014ECF /* Debug */ = {
			isa = XCBuildConfiguration;
			buildSettings = {
				ASSETCATALOG_COMPILER_APPICON_NAME = AppIcon;
				ASSETCATALOG_COMPILER_GLOBAL_ACCENT_COLOR_NAME = AccentColor;
				CODE_SIGN_STYLE = Automatic;
				CURRENT_PROJECT_VERSION = 1;
				DEVELOPMENT_TEAM = UZRVQ48Y4T;
				GENERATE_INFOPLIST_FILE = YES;
				INFOPLIST_FILE = Navigation/Info.plist;
				INFOPLIST_KEY_UIApplicationSupportsIndirectInputEvents = YES;
				INFOPLIST_KEY_UILaunchStoryboardName = LaunchScreen;
				INFOPLIST_KEY_UISupportedInterfaceOrientations = UIInterfaceOrientationPortrait;
				INFOPLIST_KEY_UISupportedInterfaceOrientations_iPad = "UIInterfaceOrientationPortrait UIInterfaceOrientationPortraitUpsideDown UIInterfaceOrientationLandscapeLeft UIInterfaceOrientationLandscapeRight";
				INFOPLIST_KEY_UISupportedInterfaceOrientations_iPhone = "UIInterfaceOrientationPortrait UIInterfaceOrientationLandscapeLeft UIInterfaceOrientationLandscapeRight";
				LD_RUNPATH_SEARCH_PATHS = (
					"$(inherited)",
					"@executable_path/Frameworks",
				);
				MARKETING_VERSION = 1.0;
				PRODUCT_BUNDLE_IDENTIFIER = ru.DenisEvdokimov.Navigation;
				PRODUCT_NAME = "$(TARGET_NAME)";
				SWIFT_EMIT_LOC_STRINGS = YES;
				SWIFT_VERSION = 5.0;
				TARGETED_DEVICE_FAMILY = 1;
			};
			name = Debug;
		};
		6475226A271C1EAF00014ECF /* Release */ = {
			isa = XCBuildConfiguration;
			buildSettings = {
				ASSETCATALOG_COMPILER_APPICON_NAME = AppIcon;
				ASSETCATALOG_COMPILER_GLOBAL_ACCENT_COLOR_NAME = AccentColor;
				CODE_SIGN_STYLE = Automatic;
				CURRENT_PROJECT_VERSION = 1;
				DEVELOPMENT_TEAM = UZRVQ48Y4T;
				GENERATE_INFOPLIST_FILE = YES;
				INFOPLIST_FILE = Navigation/Info.plist;
				INFOPLIST_KEY_UIApplicationSupportsIndirectInputEvents = YES;
				INFOPLIST_KEY_UILaunchStoryboardName = LaunchScreen;
				INFOPLIST_KEY_UISupportedInterfaceOrientations = UIInterfaceOrientationPortrait;
				INFOPLIST_KEY_UISupportedInterfaceOrientations_iPad = "UIInterfaceOrientationPortrait UIInterfaceOrientationPortraitUpsideDown UIInterfaceOrientationLandscapeLeft UIInterfaceOrientationLandscapeRight";
				INFOPLIST_KEY_UISupportedInterfaceOrientations_iPhone = "UIInterfaceOrientationPortrait UIInterfaceOrientationLandscapeLeft UIInterfaceOrientationLandscapeRight";
				LD_RUNPATH_SEARCH_PATHS = (
					"$(inherited)",
					"@executable_path/Frameworks",
				);
				MARKETING_VERSION = 1.0;
				PRODUCT_BUNDLE_IDENTIFIER = ru.DenisEvdokimov.Navigation;
				PRODUCT_NAME = "$(TARGET_NAME)";
				SWIFT_EMIT_LOC_STRINGS = YES;
				SWIFT_VERSION = 5.0;
				TARGETED_DEVICE_FAMILY = 1;
			};
			name = Release;
		};
/* End XCBuildConfiguration section */

/* Begin XCConfigurationList section */
		6475224F271C1EAD00014ECF /* Build configuration list for PBXProject "Navigation" */ = {
			isa = XCConfigurationList;
			buildConfigurations = (
				64752266271C1EAF00014ECF /* Debug */,
				64752267271C1EAF00014ECF /* Release */,
			);
			defaultConfigurationIsVisible = 0;
			defaultConfigurationName = Release;
		};
		64752268271C1EAF00014ECF /* Build configuration list for PBXNativeTarget "Navigation" */ = {
			isa = XCConfigurationList;
			buildConfigurations = (
				64752269271C1EAF00014ECF /* Debug */,
				6475226A271C1EAF00014ECF /* Release */,
			);
			defaultConfigurationIsVisible = 0;
			defaultConfigurationName = Release;
		};
/* End XCConfigurationList section */
	};
	rootObject = 6475224C271C1EAD00014ECF /* Project object */;
}
